<Solution>
  <Folder Name="/Dependencies/">
    <Project Path="../../../WWCP_ISO15118_NetworkInterfaces/WWCP_ISO15118_NetworkInterfaces.csproj" />
    <Project Path="../../../WWCP_ISO15118_SDP/WWCP_ISO15118_SDP.csproj" />
    <Project Path="../../../WWCP_ISO15118_V2GTP/WWCP_ISO15118_V2GTP.csproj" />
  </Folder>
  <Project Path="EVCC_SDP_Demo.csproj" />
</Solution>
