<Solution>
  <Project Path="WWCP_ISO15118_EXI_Dispatch/WWCP_ISO15118_EXI_Dispatch.csproj" />
  <Project Path="WWCP_ISO15118_20.ACDP/WWCP_ISO15118_20.ACDP.csproj" />
  <Project Path="WWCP_ISO15118_20.AC/WWCP_ISO15118_20.AC.csproj" />
  <Project Path="WWCP_ISO15118_20.AC_DER_IEC/WWCP_ISO15118_20.AC_DER_IEC.csproj" />
  <Project Path="WWCP_ISO15118_20.AC_DER_SAE/WWCP_ISO15118_20.AC_DER_SAE.csproj" />
  <Project Path="WWCP_ISO15118_20.CommonMessages/WWCP_ISO15118_20.CommonMessages.csproj" />
  <Project Path="WWCP_ISO15118_20.DC/WWCP_ISO15118_20.DC.csproj" />
  <Project Path="WWCP_ISO15118_20.WPT/WWCP_ISO15118_20.WPT.csproj" />
  <Project Path="WWCP_ISO15118_2/WWCP_ISO15118_2.csproj" />
  <Project Path="WWCP_ISO15118_EXI/WWCP_ISO15118_EXI.csproj" />
  <Project Path="demos/EXI/ChargingSimulation/ChargingSimulation.csproj" />
  <Project Path="WWCP_ISO15118_EXI_SourceGenerator/WWCP_ISO15118_EXI_SourceGenerator.csproj" />
  <Project Path="WWCP_ISO15118_EXI_Tests/WWCP_ISO15118_EXI_Tests.csproj" />
  <Project Path="WWCP_ISO15118_XMLDSig/WWCP_ISO15118_XMLDSig.csproj" />
  <Project Path="WWCP_ISO15118_V2GTP/WWCP_ISO15118_V2GTP.csproj" />
</Solution>
