<Solution>
  <Project Path="WWCP_ISO15118_SECC.csproj" />
  <Folder Name="/The session layer/">
    <Project Path="../WWCP_ISO15118_Session/WWCP_ISO15118_Session.csproj" />
    <Project Path="../WWCP_ISO15118_SharedCC/WWCP_ISO15118_SharedCC.csproj" />
  </Folder>
  <Folder Name="/Codec/">
    <Project Path="../WWCP_ISO15118_EXI/WWCP_ISO15118_EXI.csproj" />
    <Project Path="../WWCP_ISO15118_EXI_Dispatch/WWCP_ISO15118_EXI_Dispatch.csproj" />
    <Project Path="../WWCP_ISO15118_EXI_SourceGenerator/WWCP_ISO15118_EXI_SourceGenerator.csproj" />
    <Project Path="../WWCP_ISO15118_2/WWCP_ISO15118_2.csproj" />
    <Project Path="../WWCP_ISO15118_20.CommonMessages/WWCP_ISO15118_20.CommonMessages.csproj" />
    <Project Path="../WWCP_ISO15118_20.AC/WWCP_ISO15118_20.AC.csproj" />
    <Project Path="../WWCP_ISO15118_20.DC/WWCP_ISO15118_20.DC.csproj" />
    <Project Path="../WWCP_ISO15118_20.WPT/WWCP_ISO15118_20.WPT.csproj" />
    <Project Path="../WWCP_ISO15118_20.ACDP/WWCP_ISO15118_20.ACDP.csproj" />
    <Project Path="../WWCP_ISO15118_XMLDSig/WWCP_ISO15118_XMLDSig.csproj" />
    <Project Path="../WWCP_ISO15118_V2GTP/WWCP_ISO15118_V2GTP.csproj" />
  </Folder>
  <Folder Name="/Below the session/">
    <Project Path="../WWCP_ISO15118_SDP/WWCP_ISO15118_SDP.csproj" />
    <Project Path="../WWCP_ISO15118_SLAC/WWCP_ISO15118_SLAC.csproj" />
    <Project Path="../WWCP_ISO15118_NetworkInterfaces/WWCP_ISO15118_NetworkInterfaces.csproj" />
    <Project Path="../WWCP_ISO15118_PKI/WWCP_ISO15118_PKIBuilder/WWCP_ISO15118_PKIBuilder.csproj" />
  </Folder>
  <Folder Name="/Supporting/">
    <Project Path="../../Hermod/Hermod/Hermod.csproj" />
    <Project Path="../../Styx/Styx/Styx.csproj" />
  </Folder>
</Solution>
